// !$*UTF8*$!
{
	archiveVersion = 1;
	classes = {
	};
	objectVersion = 56;
	objects = {

/* Begin PBXBuildFile section */
		7D3BCD58295CD23D00FBBF6F /* MvvmDemoApp.swift in Sources */ = {isa = PBXBuildFile; fileRef = 7D3BCD57295CD23D00FBBF6F /* MvvmDemoApp.swift */; };
		7D3BCD5A295CD23D00FBBF6F /* ContentView.swift in Sources */ = {isa = PBXBuildFile; fileRef = 7D3BCD59295CD23D00FBBF6F /* ContentView.swift */; };
		7D3BCD5C295CD23F00FBBF6F /* Assets.xcassets in Resources */ = {isa = PBXBuildFile; fileRef = 7D3BCD5B295CD23F00FBBF6F /* Assets.xcassets */; };
		7D3BCD5F295CD23F00FBBF6F /* Preview Assets.xcassets in Resources */ = {isa = PBXBuildFile; fileRef = 7D3BCD5E295CD23F00FBBF6F /* Preview Assets.xcassets */; };
		7D3BCD69295CD41900FBBF6F /* Recipe.swift in Sources */ = {isa = PBXBuildFile; fileRef = 7D3BCD68295CD41900FBBF6F /* Recipe.swift */; };
		7D3BCD6B295CD96700FBBF6F /* RecipeModel.swift in Sources */ = {isa = PBXBuildFile; fileRef = 7D3BCD6A295CD96700FBBF6F /* RecipeModel.swift */; };
		7D482F20295F2C980084D83F /* data.json in Resources */ = {isa = PBXBuildFile; fileRef = 7D482F1F295F2C980084D83F /* data.json */; };
/* End PBXBuildFile section */

/* Begin PBXFileReference section */
		7D3BCD54295CD23D00FBBF6F /* MvvmDemo.app */ = {isa = PBXFileReference; explicitFileType = wrapper.application; includeInIndex = 0; path = MvvmDemo.app; sourceTree = BUILT_PRODUCTS_DIR; };
		7D3BCD57295CD23D00FBBF6F /* MvvmDemoApp.swift */ = {isa = PBXFileReference; lastKnownFileType = sourcecode.swift; path = MvvmDemoApp.swift; sourceTree = "<group>"; };
		7D3BCD59295CD23D00FBBF6F /* ContentView.swift */ = {isa = PBXFileReference; lastKnownFileType = sourcecode.swift; path = ContentView.swift; sourceTree = "<group>"; };
		7D3BCD5B295CD23F00FBBF6F /* Assets.xcassets */ = {isa = PBXFileReference; lastKnownFileType = folder.assetcatalog; path = Assets.xcassets; sourceTree = "<group>"; };
		7D3BCD5E295CD23F00FBBF6F /* Preview Assets.xcassets */ = {isa = PBXFileReference; lastKnownFileType = folder.assetcatalog; path = "Preview Assets.xcassets"; sourceTree = "<group>"; };
		7D3BCD68295CD41900FBBF6F /* Recipe.swift */ = {isa = PBXFileReference; lastKnownFileType = sourcecode.swift; path = Recipe.swift; sourceTree = "<group>"; };
		7D3BCD6A295CD96700FBBF6F /* RecipeModel.swift */ = {isa = PBXFileReference; lastKnownFileType = sourcecode.swift; path = RecipeModel.swift; sourceTree = "<group>"; };
		7D482F1F295F2C980084D83F /* data.json */ = {isa = PBXFileReference; lastKnownFileType = text.json; path = data.json; sourceTree = "<group>"; };
/* End PBXFileReference section */

/* Begin PBXFrameworksBuildPhase section */
		7D3BCD51295CD23D00FBBF6F /* Frameworks */ = {
			isa = PBXFrameworksBuildPhase;
			buildActionMask = 2147483647;
			files = (
			);
			runOnlyForDeploymentPostprocessing = 0;
		};
/* End PBXFrameworksBuildPhase section */

/* Begin PBXGroup section */
		7D3BCD4B295CD23D00FBBF6F = {
			isa = PBXGroup;
			children = (
				7D3BCD56295CD23D00FBBF6F /* MvvmDemo */,
				7D3BCD55295CD23D00FBBF6F /* Products */,
			);
			sourceTree = "<group>";
		};
		7D3BCD55295CD23D00FBBF6F /* Products */ = {
			isa = PBXGroup;
			children = (
				7D3BCD54295CD23D00FBBF6F /* MvvmDemo.app */,
			);
			name = Products;
			sourceTree = "<group>";
		};
		7D3BCD56295CD23D00FBBF6F /* MvvmDemo */ = {
			isa = PBXGroup;
			children = (
				7D3BCD57295CD23D00FBBF6F /* MvvmDemoApp.swift */,
				7D3BCD67295CD2E500FBBF6F /* Models */,
				7D3BCD66295CD2DA00FBBF6F /* ViewModels */,
				7D3BCD65295CD2C700FBBF6F /* Views */,
				7D482F1E295F2C4B0084D83F /* Data */,
				7D3BCD5B295CD23F00FBBF6F /* Assets.xcassets */,
				7D3BCD5D295CD23F00FBBF6F /* Preview Content */,
			);
			path = MvvmDemo;
			sourceTree = "<group>";
		};
		7D3BCD5D295CD23F00FBBF6F /* Preview Content */ = {
			isa = PBXGroup;
			children = (
				7D3BCD5E295CD23F00FBBF6F /* Preview Assets.xcassets */,
			);
			path = "Preview Content";
			sourceTree = "<group>";
		};
		7D3BCD65295CD2C700FBBF6F /* Views */ = {
			isa = PBXGroup;
			children = (
				7D3BCD59295CD23D00FBBF6F /* ContentView.swift */,
			);
			path = Views;
			sourceTree = "<group>";
		};
		7D3BCD66295CD2DA00FBBF6F /* ViewModels */ = {
			isa = PBXGroup;
			children = (
				7D3BCD6A295CD96700FBBF6F /* RecipeModel.swift */,
			);
			path = ViewModels;
			sourceTree = "<group>";
		};
		7D3BCD67295CD2E500FBBF6F /* Models */ = {
			isa = PBXGroup;
			children = (
				7D3BCD68295CD41900FBBF6F /* Recipe.swift */,
			);
			path = Models;
			sourceTree = "<group>";
		};
		7D482F1E295F2C4B0084D83F /* Data */ = {
			isa = PBXGroup;
			children = (
				7D482F1F295F2C980084D83F /* data.json */,
			);
			path = Data;
			sourceTree = "<group>";
		};
/* End PBXGroup section */

/* Begin PBXNativeTarget section */
		7D3BCD53295CD23D00FBBF6F /* MvvmDemo */ = {
			isa = PBXNativeTarget;
			buildConfigurationList = 7D3BCD62295CD23F00FBBF6F /* Build configuration list for PBXNativeTarget "MvvmDemo" */;
			buildPhases = (
				7D3BCD50295CD23D00FBBF6F /* Sources */,
				7D3BCD51295CD23D00FBBF6F /* Frameworks */,
				7D3BCD52295CD23D00FBBF6F /* Resources */,
			);
			buildRules = (
			);
			dependencies = (
			);
			name = MvvmDemo;
			productName = MvvmDemo;
			productReference = 7D3BCD54295CD23D00FBBF6F /* MvvmDemo.app */;
			productType = "com.apple.product-type.application";
		};
/* End PBXNativeTarget section */

/* Begin PBXProject section */
		7D3BCD4C295CD23D00FBBF6F /* Project object */ = {
			isa = PBXProject;
			attributes = {
				BuildIndependentTargetsInParallel = 1;
				LastSwiftUpdateCheck = 1420;
				LastUpgradeCheck = 1420;
				TargetAttributes = {
					7D3BCD53295CD23D00FBBF6F = {
						CreatedOnToolsVersion = 14.2;
					};
				};
			};
			buildConfigurationList = 7D3BCD4F295CD23D00FBBF6F /* Build configuration list for PBXProject "MvvmDemo" */;
			compatibilityVersion = "Xcode 14.0";
			developmentRegion = en;
			hasScannedForEncodings = 0;
			knownRegions = (
				en,
				Base,
			);
			mainGroup = 7D3BCD4B295CD23D00FBBF6F;
			productRefGroup = 7D3BCD55295CD23D00FBBF6F /* Products */;
			projectDirPath = "";
			projectRoot = "";
			targets = (
				7D3BCD53295CD23D00FBBF6F /* MvvmDemo */,
			);
		};
/* End PBXProject section */

/* Begin PBXResourcesBuildPhase section */
		7D3BCD52295CD23D00FBBF6F /* Resources */ = {
			isa = PBXResourcesBuildPhase;
			buildActionMask = 2147483647;
			files = (
				7D3BCD5F295CD23F00FBBF6F /* Preview Assets.xcassets in Resources */,
				7D482F20295F2C980084D83F /* data.json in Resources */,
				7D3BCD5C295CD23F00FBBF6F /* Assets.xcassets in Resources */,
			);
			runOnlyForDeploymentPostprocessing = 0;
		};
/* End PBXResourcesBuildPhase section */

/* Begin PBXSourcesBuildPhase section */
		7D3BCD50295CD23D00FBBF6F /* Sources */ = {
			isa = PBXSourcesBuildPhase;
			buildActionMask = 2147483647;
			files = (
				7D3BCD69295CD41900FBBF6F /* Recipe.swift in Sources */,
				7D3BCD6B295CD96700FBBF6F /* RecipeModel.swift in Sources */,
				7D3BCD5A295CD23D00FBBF6F /* ContentView.swift in Sources */,
				7D3BCD58295CD23D00FBBF6F /* MvvmDemoApp.swift in Sources */,
			);
			runOnlyForDeploymentPostprocessing = 0;
		};
/* End PBXSourcesBuildPhase section */

/* Begin XCBuildConfiguration section */
		7D3BCD60295CD23F00FBBF6F /* Debug */ = {
			isa = XCBuildConfiguration;
			buildSettings = {
				ALWAYS_SEARCH_USER_PATHS = NO;
				CLANG_ANALYZER_NONNULL = YES;
				CLANG_ANALYZER_NUMBER_OBJECT_CONVERSION = YES_AGGRESSIVE;
				CLANG_CXX_LANGUAGE_STANDARD = "gnu++20";
				CLANG_ENABLE_MODULES = YES;
				CLANG_ENABLE_OBJC_ARC = YES;
				CLANG_ENABLE_OBJC_WEAK = YES;
				CLANG_WARN_BLOCK_CAPTURE_AUTORELEASING = YES;
				CLANG_WARN_BOOL_CONVERSION = YES;
				CLANG_WARN_COMMA = YES;
				CLANG_WARN_CONSTANT_CONVERSION = YES;
				CLANG_WARN_DEPRECATED_OBJC_IMPLEMENTATIONS = YES;
				CLANG_WARN_DIRECT_OBJC_ISA_USAGE = YES_ERROR;
				CLANG_WARN_DOCUMENTATION_COMMENTS = YES;
				CLANG_WARN_EMPTY_BODY = YES;
				CLANG_WARN_ENUM_CONVERSION = YES;
				CLANG_WARN_INFINITE_RECURSION = YES;
				CLANG_WARN_INT_CONVERSION = YES;
				CLANG_WARN_NON_LITERAL_NULL_CONVERSION = YES;
				CLANG_WARN_OBJC_IMPLICIT_RETAIN_SELF = YES;
				CLANG_WARN_OBJC_LITERAL_CONVERSION = YES;
				CLANG_WARN_OBJC_ROOT_CLASS = YES_ERROR;
				CLANG_WARN_QUOTED_INCLUDE_IN_FRAMEWORK_HEADER = YES;
				CLANG_WARN_RANGE_LOOP_ANALYSIS = YES;
				CLANG_WARN_STRICT_PROTOTYPES = YES;
				CLANG_WARN_SUSPICIOUS_MOVE = YES;
				CLANG_WARN_UNGUARDED_AVAILABILITY = YES_AGGRESSIVE;
				CLANG_WARN_UNREACHABLE_CODE = YES;
				CLANG_WARN__DUPLICATE_METHOD_MATCH = YES;
				COPY_PHASE_STRIP = NO;
				DEBUG_INFORMATION_FORMAT = dwarf;
				ENABLE_STRICT_OBJC_MSGSEND = YES;
				ENABLE_TESTABILITY = YES;
				GCC_C_LANGUAGE_STANDARD = gnu11;
				GCC_DYNAMIC_NO_PIC = NO;
				GCC_NO_COMMON_BLOCKS = YES;
				GCC_OPTIMIZATION_LEVEL = 0;
				GCC_PREPROCESSOR_DEFINITIONS = (
					"DEBUG=1",
					"$(inherited)",
				);
				GCC_WARN_64_TO_32_BIT_CONVERSION = YES;
				GCC_WARN_ABOUT_RETURN_TYPE = YES_ERROR;
				GCC_WARN_UNDECLARED_SELECTOR = YES;
				GCC_WARN_UNINITIALIZED_AUTOS = YES_AGGRESSIVE;
				GCC_WARN_UNUSED_FUNCTION = YES;
				GCC_WARN_UNUSED_VARIABLE = YES;
				IPHONEOS_DEPLOYMENT_TARGET = 16.2;
				MTL_ENABLE_DEBUG_INFO = INCLUDE_SOURCE;
				MTL_FAST_MATH = YES;
				ONLY_ACTIVE_ARCH = YES;
				SDKROOT = iphoneos;
				SWIFT_ACTIVE_COMPILATION_CONDITIONS = DEBUG;
				SWIFT_OPTIMIZATION_LEVEL = "-Onone";
			};
			name = Debug;
		};
		7D3BCD61295CD23F00FBBF6F /* Release */ = {
			isa = XCBuildConfiguration;
			buildSettings = {
				ALWAYS_SEARCH_USER_PATHS = NO;
				CLANG_ANALYZER_NONNULL = YES;
				CLANG_ANALYZER_NUMBER_OBJECT_CONVERSION = YES_AGGRESSIVE;
				CLANG_CXX_LANGUAGE_STANDARD = "gnu++20";
				CLANG_ENABLE_MODULES = YES;
				CLANG_ENABLE_OBJC_ARC = YES;
				CLANG_ENABLE_OBJC_WEAK = YES;
				CLANG_WARN_BLOCK_CAPTURE_AUTORELEASING = YES;
				CLANG_WARN_BOOL_CONVERSION = YES;
				CLANG_WARN_COMMA = YES;
				CLANG_WARN_CONSTANT_CONVERSION = YES;
				CLANG_WARN_DEPRECATED_OBJC_IMPLEMENTATIONS = YES;
				CLANG_WARN_DIRECT_OBJC_ISA_USAGE = YES_ERROR;
				CLANG_WARN_DOCUMENTATION_COMMENTS = YES;
				CLANG_WARN_EMPTY_BODY = YES;
				CLANG_WARN_ENUM_CONVERSION = YES;
				CLANG_WARN_INFINITE_RECURSION = YES;
				CLANG_WARN_INT_CONVERSION = YES;
				CLANG_WARN_NON_LITERAL_NULL_CONVERSION = YES;
				CLANG_WARN_OBJC_IMPLICIT_RETAIN_SELF = YES;
				CLANG_WARN_OBJC_LITERAL_CONVERSION = YES;
				CLANG_WARN_OBJC_ROOT_CLASS = YES_ERROR;
				CLANG_WARN_QUOTED_INCLUDE_IN_FRAMEWORK_HEADER = YES;
				CLANG_WARN_RANGE_LOOP_ANALYSIS = YES;
				CLANG_WARN_STRICT_PROTOTYPES = YES;
				CLANG_WARN_SUSPICIOUS_MOVE = YES;
				CLANG_WARN_UNGUARDED_AVAILABILITY = YES_AGGRESSIVE;
				CLANG_WARN_UNREACHABLE_CODE = YES;
				CLANG_WARN__DUPLICATE_METHOD_MATCH = YES;
				COPY_PHASE_STRIP = NO;
				DEBUG_INFORMATION_FORMAT = "dwarf-with-dsym";
				ENABLE_NS_ASSERTIONS = NO;
				ENABLE_STRICT_OBJC_MSGSEND = YES;
				GCC_C_LANGUAGE_STANDARD = gnu11;
				GCC_NO_COMMON_BLOCKS = YES;
				GCC_WARN_64_TO_32_BIT_CONVERSION = YES;
				GCC_WARN_ABOUT_RETURN_TYPE = YES_ERROR;
				GCC_WARN_UNDECLARED_SELECTOR = YES;
				GCC_WARN_UNINITIALIZED_AUTOS = YES_AGGRESSIVE;
				GCC_WARN_UNUSED_FUNCTION = YES;
				GCC_WARN_UNUSED_VARIABLE = YES;
				IPHONEOS_DEPLOYMENT_TARGET = 16.2;
				MTL_ENABLE_DEBUG_INFO = NO;
				MTL_FAST_MATH = YES;
				SDKROOT = iphoneos;
				SWIFT_COMPILATION_MODE = wholemodule;
				SWIFT_OPTIMIZATION_LEVEL = "-O";
				VALIDATE_PRODUCT = YES;
			};
			name = Release;
		};
		7D3BCD63295CD23F00FBBF6F /* Debug */ = {
			isa = XCBuildConfiguration;
			buildSettings = {
				ASSETCATALOG_COMPILER_APPICON_NAME = AppIcon;
				ASSETCATALOG_COMPILER_GLOBAL_ACCENT_COLOR_NAME = AccentColor;
				CODE_SIGN_STYLE = Automatic;
				CURRENT_PROJECT_VERSION = 1;
				DEVELOPMENT_ASSET_PATHS = "\"MvvmDemo/Preview Content\"";
				DEVELOPMENT_TEAM = 432D4YMQ4Y;
				ENABLE_PREVIEWS = YES;
				GENERATE_INFOPLIST_FILE = YES;
				INFOPLIST_KEY_UIApplicationSceneManifest_Generation = YES;
				INFOPLIST_KEY_UIApplicationSupportsIndirectInputEvents = YES;
				INFOPLIST_KEY_UILaunchScreen_Generation = YES;
				INFOPLIST_KEY_UISupportedInterfaceOrientations_iPad = "UIInterfaceOrientationPortrait UIInterfaceOrientationPortraitUpsideDown UIInterfaceOrientationLandscapeLeft UIInterfaceOrientationLandscapeRight";
				INFOPLIST_KEY_UISupportedInterfaceOrientations_iPhone = "UIInterfaceOrientationPortrait UIInterfaceOrientationLandscapeLeft UIInterfaceOrientationLandscapeRight";
				LD_RUNPATH_SEARCH_PATHS = (
					"$(inherited)",
					"@executable_path/Frameworks",
				);
				MARKETING_VERSION = 1.0;
				PRODUCT_BUNDLE_IDENTIFIER = com.Testing.MvvmDemo;
				PRODUCT_NAME = "$(TARGET_NAME)";
				SWIFT_EMIT_LOC_STRINGS = YES;
				SWIFT_VERSION = 5.0;
				TARGETED_DEVICE_FAMILY = "1,2";
			};
			name = Debug;
		};
		7D3BCD64295CD23F00FBBF6F /* Release */ = {
			isa = XCBuildConfiguration;
			buildSettings = {
				ASSETCATALOG_COMPILER_APPICON_NAME = AppIcon;
				ASSETCATALOG_COMPILER_GLOBAL_ACCENT_COLOR_NAME = AccentColor;
				CODE_SIGN_STYLE = Automatic;
				CURRENT_PROJECT_VERSION = 1;
				DEVELOPMENT_ASSET_PATHS = "\"MvvmDemo/Preview Content\"";
				DEVELOPMENT_TEAM = 432D4YMQ4Y;
				ENABLE_PREVIEWS = YES;
				GENERATE_INFOPLIST_FILE = YES;
				INFOPLIST_KEY_UIApplicationSceneManifest_Generation = YES;
				INFOPLIST_KEY_UIApplicationSupportsIndirectInputEvents = YES;
				INFOPLIST_KEY_UILaunchScreen_Generation = YES;
				INFOPLIST_KEY_UISupportedInterfaceOrientations_iPad = "UIInterfaceOrientationPortrait UIInterfaceOrientationPortraitUpsideDown UIInterfaceOrientationLandscapeLeft UIInterfaceOrientationLandscapeRight";
				INFOPLIST_KEY_UISupportedInterfaceOrientations_iPhone = "UIInterfaceOrientationPortrait UIInterfaceOrientationLandscapeLeft UIInterfaceOrientationLandscapeRight";
				LD_RUNPATH_SEARCH_PATHS = (
					"$(inherited)",
					"@executable_path/Frameworks",
				);
				MARKETING_VERSION = 1.0;
				PRODUCT_BUNDLE_IDENTIFIER = com.Testing.MvvmDemo;
				PRODUCT_NAME = "$(TARGET_NAME)";
				SWIFT_EMIT_LOC_STRINGS = YES;
				SWIFT_VERSION = 5.0;
				TARGETED_DEVICE_FAMILY = "1,2";
			};
			name = Release;
		};
/* End XCBuildConfiguration section */

/* Begin XCConfigurationList section */
		7D3BCD4F295CD23D00FBBF6F /* Build configuration list for PBXProject "MvvmDemo" */ = {
			isa = XCConfigurationList;
			buildConfigurations = (
				7D3BCD60295CD23F00FBBF6F /* Debug */,
				7D3BCD61295CD23F00FBBF6F /* Release */,
			);
			defaultConfigurationIsVisible = 0;
			defaultConfigurationName = Release;
		};
		7D3BCD62295CD23F00FBBF6F /* Build configuration list for PBXNativeTarget "MvvmDemo" */ = {
			isa = XCConfigurationList;
			buildConfigurations = (
				7D3BCD63295CD23F00FBBF6F /* Debug */,
				7D3BCD64295CD23F00FBBF6F /* Release */,
			);
			defaultConfigurationIsVisible = 0;
			defaultConfigurationName = Release;
		};
/* End XCConfigurationList section */
	};
	rootObject = 7D3BCD4C295CD23D00FBBF6F /* Project object */;
}
