// !$*UTF8*$!
{
	archiveVersion = 1;
	classes = {
	};
	objectVersion = 55;
	objects = {

/* Begin PBXBuildFile section */
		7D6492A128CAD22D00C14C6F /* Tests_iOS.swift in Sources */ = {isa = PBXBuildFile; fileRef = 7D6492A028CAD22D00C14C6F /* Tests_iOS.swift */; };
		7D6492A328CAD22D00C14C6F /* Tests_iOSLaunchTests.swift in Sources */ = {isa = PBXBuildFile; fileRef = 7D6492A228CAD22D00C14C6F /* Tests_iOSLaunchTests.swift */; };
		7D6492AD28CAD22D00C14C6F /* Tests_macOS.swift in Sources */ = {isa = PBXBuildFile; fileRef = 7D6492AC28CAD22D00C14C6F /* Tests_macOS.swift */; };
		7D6492AF28CAD22D00C14C6F /* Tests_macOSLaunchTests.swift in Sources */ = {isa = PBXBuildFile; fileRef = 7D6492AE28CAD22D00C14C6F /* Tests_macOSLaunchTests.swift */; };
		7D6492B028CAD22D00C14C6F /* UITestApp.swift in Sources */ = {isa = PBXBuildFile; fileRef = 7D64928828CAD22A00C14C6F /* UITestApp.swift */; };
		7D6492B128CAD22D00C14C6F /* UITestApp.swift in Sources */ = {isa = PBXBuildFile; fileRef = 7D64928828CAD22A00C14C6F /* UITestApp.swift */; };
		7D6492B228CAD22D00C14C6F /* ContentView.swift in Sources */ = {isa = PBXBuildFile; fileRef = 7D64928928CAD22A00C14C6F /* ContentView.swift */; };
		7D6492B328CAD22D00C14C6F /* ContentView.swift in Sources */ = {isa = PBXBuildFile; fileRef = 7D64928928CAD22A00C14C6F /* ContentView.swift */; };
		7D6492B428CAD22D00C14C6F /* Assets.xcassets in Resources */ = {isa = PBXBuildFile; fileRef = 7D64928A28CAD22D00C14C6F /* Assets.xcassets */; };
		7D6492B528CAD22D00C14C6F /* Assets.xcassets in Resources */ = {isa = PBXBuildFile; fileRef = 7D64928A28CAD22D00C14C6F /* Assets.xcassets */; };
/* End PBXBuildFile section */

/* Begin PBXContainerItemProxy section */
		7D64929D28CAD22D00C14C6F /* PBXContainerItemProxy */ = {
			isa = PBXContainerItemProxy;
			containerPortal = 7D64928328CAD22A00C14C6F /* Project object */;
			proxyType = 1;
			remoteGlobalIDString = 7D64928E28CAD22D00C14C6F;
			remoteInfo = "UITest (iOS)";
		};
		7D6492A928CAD22D00C14C6F /* PBXContainerItemProxy */ = {
			isa = PBXContainerItemProxy;
			containerPortal = 7D64928328CAD22A00C14C6F /* Project object */;
			proxyType = 1;
			remoteGlobalIDString = 7D64929428CAD22D00C14C6F;
			remoteInfo = "UITest (macOS)";
		};
/* End PBXContainerItemProxy section */

/* Begin PBXFileReference section */
		7D64928828CAD22A00C14C6F /* UITestApp.swift */ = {isa = PBXFileReference; lastKnownFileType = sourcecode.swift; path = UITestApp.swift; sourceTree = "<group>"; };
		7D64928928CAD22A00C14C6F /* ContentView.swift */ = {isa = PBXFileReference; lastKnownFileType = sourcecode.swift; path = ContentView.swift; sourceTree = "<group>"; };
		7D64928A28CAD22D00C14C6F /* Assets.xcassets */ = {isa = PBXFileReference; lastKnownFileType = folder.assetcatalog; path = Assets.xcassets; sourceTree = "<group>"; };
		7D64928F28CAD22D00C14C6F /* UITest.app */ = {isa = PBXFileReference; explicitFileType = wrapper.application; includeInIndex = 0; path = UITest.app; sourceTree = BUILT_PRODUCTS_DIR; };
		7D64929528CAD22D00C14C6F /* UITest.app */ = {isa = PBXFileReference; explicitFileType = wrapper.application; includeInIndex = 0; path = UITest.app; sourceTree = BUILT_PRODUCTS_DIR; };
		7D64929728CAD22D00C14C6F /* macOS.entitlements */ = {isa = PBXFileReference; lastKnownFileType = text.plist.entitlements; path = macOS.entitlements; sourceTree = "<group>"; };
		7D64929C28CAD22D00C14C6F /* Tests iOS.xctest */ = {isa = PBXFileReference; explicitFileType = wrapper.cfbundle; includeInIndex = 0; path = "Tests iOS.xctest"; sourceTree = BUILT_PRODUCTS_DIR; };
		7D6492A028CAD22D00C14C6F /* Tests_iOS.swift */ = {isa = PBXFileReference; lastKnownFileType = sourcecode.swift; path = Tests_iOS.swift; sourceTree = "<group>"; };
		7D6492A228CAD22D00C14C6F /* Tests_iOSLaunchTests.swift */ = {isa = PBXFileReference; lastKnownFileType = sourcecode.swift; path = Tests_iOSLaunchTests.swift; sourceTree = "<group>"; };
		7D6492A828CAD22D00C14C6F /* Tests macOS.xctest */ = {isa = PBXFileReference; explicitFileType = wrapper.cfbundle; includeInIndex = 0; path = "Tests macOS.xctest"; sourceTree = BUILT_PRODUCTS_DIR; };
		7D6492AC28CAD22D00C14C6F /* Tests_macOS.swift */ = {isa = PBXFileReference; lastKnownFileType = sourcecode.swift; path = Tests_macOS.swift; sourceTree = "<group>"; };
		7D6492AE28CAD22D00C14C6F /* Tests_macOSLaunchTests.swift */ = {isa = PBXFileReference; lastKnownFileType = sourcecode.swift; path = Tests_macOSLaunchTests.swift; sourceTree = "<group>"; };
/* End PBXFileReference section */

/* Begin PBXFrameworksBuildPhase section */
		7D64928C28CAD22D00C14C6F /* Frameworks */ = {
			isa = PBXFrameworksBuildPhase;
			buildActionMask = 2147483647;
			files = (
			);
			runOnlyForDeploymentPostprocessing = 0;
		};
		7D64929228CAD22D00C14C6F /* Frameworks */ = {
			isa = PBXFrameworksBuildPhase;
			buildActionMask = 2147483647;
			files = (
			);
			runOnlyForDeploymentPostprocessing = 0;
		};
		7D64929928CAD22D00C14C6F /* Frameworks */ = {
			isa = PBXFrameworksBuildPhase;
			buildActionMask = 2147483647;
			files = (
			);
			runOnlyForDeploymentPostprocessing = 0;
		};
		7D6492A528CAD22D00C14C6F /* Frameworks */ = {
			isa = PBXFrameworksBuildPhase;
			buildActionMask = 2147483647;
			files = (
			);
			runOnlyForDeploymentPostprocessing = 0;
		};
/* End PBXFrameworksBuildPhase section */

/* Begin PBXGroup section */
		7D64928228CAD22A00C14C6F = {
			isa = PBXGroup;
			children = (
				7D64928728CAD22A00C14C6F /* Shared */,
				7D64929628CAD22D00C14C6F /* macOS */,
				7D64929F28CAD22D00C14C6F /* Tests iOS */,
				7D6492AB28CAD22D00C14C6F /* Tests macOS */,
				7D64929028CAD22D00C14C6F /* Products */,
			);
			sourceTree = "<group>";
		};
		7D64928728CAD22A00C14C6F /* Shared */ = {
			isa = PBXGroup;
			children = (
				7D64928828CAD22A00C14C6F /* UITestApp.swift */,
				7D64928928CAD22A00C14C6F /* ContentView.swift */,
				7D64928A28CAD22D00C14C6F /* Assets.xcassets */,
			);
			path = Shared;
			sourceTree = "<group>";
		};
		7D64929028CAD22D00C14C6F /* Products */ = {
			isa = PBXGroup;
			children = (
				7D64928F28CAD22D00C14C6F /* UITest.app */,
				7D64929528CAD22D00C14C6F /* UITest.app */,
				7D64929C28CAD22D00C14C6F /* Tests iOS.xctest */,
				7D6492A828CAD22D00C14C6F /* Tests macOS.xctest */,
			);
			name = Products;
			sourceTree = "<group>";
		};
		7D64929628CAD22D00C14C6F /* macOS */ = {
			isa = PBXGroup;
			children = (
				7D64929728CAD22D00C14C6F /* macOS.entitlements */,
			);
			path = macOS;
			sourceTree = "<group>";
		};
		7D64929F28CAD22D00C14C6F /* Tests iOS */ = {
			isa = PBXGroup;
			children = (
				7D6492A028CAD22D00C14C6F /* Tests_iOS.swift */,
				7D6492A228CAD22D00C14C6F /* Tests_iOSLaunchTests.swift */,
			);
			path = "Tests iOS";
			sourceTree = "<group>";
		};
		7D6492AB28CAD22D00C14C6F /* Tests macOS */ = {
			isa = PBXGroup;
			children = (
				7D6492AC28CAD22D00C14C6F /* Tests_macOS.swift */,
				7D6492AE28CAD22D00C14C6F /* Tests_macOSLaunchTests.swift */,
			);
			path = "Tests macOS";
			sourceTree = "<group>";
		};
/* End PBXGroup section */

/* Begin PBXNativeTarget section */
		7D64928E28CAD22D00C14C6F /* UITest (iOS) */ = {
			isa = PBXNativeTarget;
			buildConfigurationList = 7D6492B828CAD22D00C14C6F /* Build configuration list for PBXNativeTarget "UITest (iOS)" */;
			buildPhases = (
				7D64928B28CAD22D00C14C6F /* Sources */,
				7D64928C28CAD22D00C14C6F /* Frameworks */,
				7D64928D28CAD22D00C14C6F /* Resources */,
			);
			buildRules = (
			);
			dependencies = (
			);
			name = "UITest (iOS)";
			productName = "UITest (iOS)";
			productReference = 7D64928F28CAD22D00C14C6F /* UITest.app */;
			productType = "com.apple.product-type.application";
		};
		7D64929428CAD22D00C14C6F /* UITest (macOS) */ = {
			isa = PBXNativeTarget;
			buildConfigurationList = 7D6492BB28CAD22D00C14C6F /* Build configuration list for PBXNativeTarget "UITest (macOS)" */;
			buildPhases = (
				7D64929128CAD22D00C14C6F /* Sources */,
				7D64929228CAD22D00C14C6F /* Frameworks */,
				7D64929328CAD22D00C14C6F /* Resources */,
			);
			buildRules = (
			);
			dependencies = (
			);
			name = "UITest (macOS)";
			productName = "UITest (macOS)";
			productReference = 7D64929528CAD22D00C14C6F /* UITest.app */;
			productType = "com.apple.product-type.application";
		};
		7D64929B28CAD22D00C14C6F /* Tests iOS */ = {
			isa = PBXNativeTarget;
			buildConfigurationList = 7D6492BE28CAD22D00C14C6F /* Build configuration list for PBXNativeTarget "Tests iOS" */;
			buildPhases = (
				7D64929828CAD22D00C14C6F /* Sources */,
				7D64929928CAD22D00C14C6F /* Frameworks */,
				7D64929A28CAD22D00C14C6F /* Resources */,
			);
			buildRules = (
			);
			dependencies = (
				7D64929E28CAD22D00C14C6F /* PBXTargetDependency */,
			);
			name = "Tests iOS";
			productName = "Tests iOS";
			productReference = 7D64929C28CAD22D00C14C6F /* Tests iOS.xctest */;
			productType = "com.apple.product-type.bundle.ui-testing";
		};
		7D6492A728CAD22D00C14C6F /* Tests macOS */ = {
			isa = PBXNativeTarget;
			buildConfigurationList = 7D6492C128CAD22D00C14C6F /* Build configuration list for PBXNativeTarget "Tests macOS" */;
			buildPhases = (
				7D6492A428CAD22D00C14C6F /* Sources */,
				7D6492A528CAD22D00C14C6F /* Frameworks */,
				7D6492A628CAD22D00C14C6F /* Resources */,
			);
			buildRules = (
			);
			dependencies = (
				7D6492AA28CAD22D00C14C6F /* PBXTargetDependency */,
			);
			name = "Tests macOS";
			productName = "Tests macOS";
			productReference = 7D6492A828CAD22D00C14C6F /* Tests macOS.xctest */;
			productType = "com.apple.product-type.bundle.ui-testing";
		};
/* End PBXNativeTarget section */

/* Begin PBXProject section */
		7D64928328CAD22A00C14C6F /* Project object */ = {
			isa = PBXProject;
			attributes = {
				BuildIndependentTargetsInParallel = 1;
				LastSwiftUpdateCheck = 1340;
				LastUpgradeCheck = 1340;
				TargetAttributes = {
					7D64928E28CAD22D00C14C6F = {
						CreatedOnToolsVersion = 13.4.1;
					};
					7D64929428CAD22D00C14C6F = {
						CreatedOnToolsVersion = 13.4.1;
					};
					7D64929B28CAD22D00C14C6F = {
						CreatedOnToolsVersion = 13.4.1;
						TestTargetID = 7D64928E28CAD22D00C14C6F;
					};
					7D6492A728CAD22D00C14C6F = {
						CreatedOnToolsVersion = 13.4.1;
						TestTargetID = 7D64929428CAD22D00C14C6F;
					};
				};
			};
			buildConfigurationList = 7D64928628CAD22A00C14C6F /* Build configuration list for PBXProject "UITest" */;
			compatibilityVersion = "Xcode 13.0";
			developmentRegion = en;
			hasScannedForEncodings = 0;
			knownRegions = (
				en,
				Base,
			);
			mainGroup = 7D64928228CAD22A00C14C6F;
			productRefGroup = 7D64929028CAD22D00C14C6F /* Products */;
			projectDirPath = "";
			projectRoot = "";
			targets = (
				7D64928E28CAD22D00C14C6F /* UITest (iOS) */,
				7D64929428CAD22D00C14C6F /* UITest (macOS) */,
				7D64929B28CAD22D00C14C6F /* Tests iOS */,
				7D6492A728CAD22D00C14C6F /* Tests macOS */,
			);
		};
/* End PBXProject section */

/* Begin PBXResourcesBuildPhase section */
		7D64928D28CAD22D00C14C6F /* Resources */ = {
			isa = PBXResourcesBuildPhase;
			buildActionMask = 2147483647;
			files = (
				7D6492B428CAD22D00C14C6F /* Assets.xcassets in Resources */,
			);
			runOnlyForDeploymentPostprocessing = 0;
		};
		7D64929328CAD22D00C14C6F /* Resources */ = {
			isa = PBXResourcesBuildPhase;
			buildActionMask = 2147483647;
			files = (
				7D6492B528CAD22D00C14C6F /* Assets.xcassets in Resources */,
			);
			runOnlyForDeploymentPostprocessing = 0;
		};
		7D64929A28CAD22D00C14C6F /* Resources */ = {
			isa = PBXResourcesBuildPhase;
			buildActionMask = 2147483647;
			files = (
			);
			runOnlyForDeploymentPostprocessing = 0;
		};
		7D6492A628CAD22D00C14C6F /* Resources */ = {
			isa = PBXResourcesBuildPhase;
			buildActionMask = 2147483647;
			files = (
			);
			runOnlyForDeploymentPostprocessing = 0;
		};
/* End PBXResourcesBuildPhase section */

/* Begin PBXSourcesBuildPhase section */
		7D64928B28CAD22D00C14C6F /* Sources */ = {
			isa = PBXSourcesBuildPhase;
			buildActionMask = 2147483647;
			files = (
				7D6492B228CAD22D00C14C6F /* ContentView.swift in Sources */,
				7D6492B028CAD22D00C14C6F /* UITestApp.swift in Sources */,
			);
			runOnlyForDeploymentPostprocessing = 0;
		};
		7D64929128CAD22D00C14C6F /* Sources */ = {
			isa = PBXSourcesBuildPhase;
			buildActionMask = 2147483647;
			files = (
				7D6492B328CAD22D00C14C6F /* ContentView.swift in Sources */,
				7D6492B128CAD22D00C14C6F /* UITestApp.swift in Sources */,
			);
			runOnlyForDeploymentPostprocessing = 0;
		};
		7D64929828CAD22D00C14C6F /* Sources */ = {
			isa = PBXSourcesBuildPhase;
			buildActionMask = 2147483647;
			files = (
				7D6492A328CAD22D00C14C6F /* Tests_iOSLaunchTests.swift in Sources */,
				7D6492A128CAD22D00C14C6F /* Tests_iOS.swift in Sources */,
			);
			runOnlyForDeploymentPostprocessing = 0;
		};
		7D6492A428CAD22D00C14C6F /* Sources */ = {
			isa = PBXSourcesBuildPhase;
			buildActionMask = 2147483647;
			files = (
				7D6492AF28CAD22D00C14C6F /* Tests_macOSLaunchTests.swift in Sources */,
				7D6492AD28CAD22D00C14C6F /* Tests_macOS.swift in Sources */,
			);
			runOnlyForDeploymentPostprocessing = 0;
		};
/* End PBXSourcesBuildPhase section */

/* Begin PBXTargetDependency section */
		7D64929E28CAD22D00C14C6F /* PBXTargetDependency */ = {
			isa = PBXTargetDependency;
			target = 7D64928E28CAD22D00C14C6F /* UITest (iOS) */;
			targetProxy = 7D64929D28CAD22D00C14C6F /* PBXContainerItemProxy */;
		};
		7D6492AA28CAD22D00C14C6F /* PBXTargetDependency */ = {
			isa = PBXTargetDependency;
			target = 7D64929428CAD22D00C14C6F /* UITest (macOS) */;
			targetProxy = 7D6492A928CAD22D00C14C6F /* PBXContainerItemProxy */;
		};
/* End PBXTargetDependency section */

/* Begin XCBuildConfiguration section */
		7D6492B628CAD22D00C14C6F /* Debug */ = {
			isa = XCBuildConfiguration;
			buildSettings = {
				ALWAYS_SEARCH_USER_PATHS = NO;
				CLANG_ANALYZER_NONNULL = YES;
				CLANG_ANALYZER_NUMBER_OBJECT_CONVERSION = YES_AGGRESSIVE;
				CLANG_CXX_LANGUAGE_STANDARD = "gnu++17";
				CLANG_ENABLE_MODULES = YES;
				CLANG_ENABLE_OBJC_ARC = YES;
				CLANG_ENABLE_OBJC_WEAK = YES;
				CLANG_WARN_BLOCK_CAPTURE_AUTORELEASING = YES;
				CLANG_WARN_BOOL_CONVERSION = YES;
				CLANG_WARN_COMMA = YES;
				CLANG_WARN_CONSTANT_CONVERSION = YES;
				CLANG_WARN_DEPRECATED_OBJC_IMPLEMENTATIONS = YES;
				CLANG_WARN_DIRECT_OBJC_ISA_USAGE = YES_ERROR;
				CLANG_WARN_DOCUMENTATION_COMMENTS = YES;
				CLANG_WARN_EMPTY_BODY = YES;
				CLANG_WARN_ENUM_CONVERSION = YES;
				CLANG_WARN_INFINITE_RECURSION = YES;
				CLANG_WARN_INT_CONVERSION = YES;
				CLANG_WARN_NON_LITERAL_NULL_CONVERSION = YES;
				CLANG_WARN_OBJC_IMPLICIT_RETAIN_SELF = YES;
				CLANG_WARN_OBJC_LITERAL_CONVERSION = YES;
				CLANG_WARN_OBJC_ROOT_CLASS = YES_ERROR;
				CLANG_WARN_QUOTED_INCLUDE_IN_FRAMEWORK_HEADER = YES;
				CLANG_WARN_RANGE_LOOP_ANALYSIS = YES;
				CLANG_WARN_STRICT_PROTOTYPES = YES;
				CLANG_WARN_SUSPICIOUS_MOVE = YES;
				CLANG_WARN_UNGUARDED_AVAILABILITY = YES_AGGRESSIVE;
				CLANG_WARN_UNREACHABLE_CODE = YES;
				CLANG_WARN__DUPLICATE_METHOD_MATCH = YES;
				COPY_PHASE_STRIP = NO;
				DEBUG_INFORMATION_FORMAT = dwarf;
				ENABLE_STRICT_OBJC_MSGSEND = YES;
				ENABLE_TESTABILITY = YES;
				GCC_C_LANGUAGE_STANDARD = gnu11;
				GCC_DYNAMIC_NO_PIC = NO;
				GCC_NO_COMMON_BLOCKS = YES;
				GCC_OPTIMIZATION_LEVEL = 0;
				GCC_PREPROCESSOR_DEFINITIONS = (
					"DEBUG=1",
					"$(inherited)",
				);
				GCC_WARN_64_TO_32_BIT_CONVERSION = YES;
				GCC_WARN_ABOUT_RETURN_TYPE = YES_ERROR;
				GCC_WARN_UNDECLARED_SELECTOR = YES;
				GCC_WARN_UNINITIALIZED_AUTOS = YES_AGGRESSIVE;
				GCC_WARN_UNUSED_FUNCTION = YES;
				GCC_WARN_UNUSED_VARIABLE = YES;
				MTL_ENABLE_DEBUG_INFO = INCLUDE_SOURCE;
				MTL_FAST_MATH = YES;
				ONLY_ACTIVE_ARCH = YES;
				SWIFT_ACTIVE_COMPILATION_CONDITIONS = DEBUG;
				SWIFT_OPTIMIZATION_LEVEL = "-Onone";
			};
			name = Debug;
		};
		7D6492B728CAD22D00C14C6F /* Release */ = {
			isa = XCBuildConfiguration;
			buildSettings = {
				ALWAYS_SEARCH_USER_PATHS = NO;
				CLANG_ANALYZER_NONNULL = YES;
				CLANG_ANALYZER_NUMBER_OBJECT_CONVERSION = YES_AGGRESSIVE;
				CLANG_CXX_LANGUAGE_STANDARD = "gnu++17";
				CLANG_ENABLE_MODULES = YES;
				CLANG_ENABLE_OBJC_ARC = YES;
				CLANG_ENABLE_OBJC_WEAK = YES;
				CLANG_WARN_BLOCK_CAPTURE_AUTORELEASING = YES;
				CLANG_WARN_BOOL_CONVERSION = YES;
				CLANG_WARN_COMMA = YES;
				CLANG_WARN_CONSTANT_CONVERSION = YES;
				CLANG_WARN_DEPRECATED_OBJC_IMPLEMENTATIONS = YES;
				CLANG_WARN_DIRECT_OBJC_ISA_USAGE = YES_ERROR;
				CLANG_WARN_DOCUMENTATION_COMMENTS = YES;
				CLANG_WARN_EMPTY_BODY = YES;
				CLANG_WARN_ENUM_CONVERSION = YES;
				CLANG_WARN_INFINITE_RECURSION = YES;
				CLANG_WARN_INT_CONVERSION = YES;
				CLANG_WARN_NON_LITERAL_NULL_CONVERSION = YES;
				CLANG_WARN_OBJC_IMPLICIT_RETAIN_SELF = YES;
				CLANG_WARN_OBJC_LITERAL_CONVERSION = YES;
				CLANG_WARN_OBJC_ROOT_CLASS = YES_ERROR;
				CLANG_WARN_QUOTED_INCLUDE_IN_FRAMEWORK_HEADER = YES;
				CLANG_WARN_RANGE_LOOP_ANALYSIS = YES;
				CLANG_WARN_STRICT_PROTOTYPES = YES;
				CLANG_WARN_SUSPICIOUS_MOVE = YES;
				CLANG_WARN_UNGUARDED_AVAILABILITY = YES_AGGRESSIVE;
				CLANG_WARN_UNREACHABLE_CODE = YES;
				CLANG_WARN__DUPLICATE_METHOD_MATCH = YES;
				COPY_PHASE_STRIP = NO;
				DEBUG_INFORMATION_FORMAT = "dwarf-with-dsym";
				ENABLE_NS_ASSERTIONS = NO;
				ENABLE_STRICT_OBJC_MSGSEND = YES;
				GCC_C_LANGUAGE_STANDARD = gnu11;
				GCC_NO_COMMON_BLOCKS = YES;
				GCC_WARN_64_TO_32_BIT_CONVERSION = YES;
				GCC_WARN_ABOUT_RETURN_TYPE = YES_ERROR;
				GCC_WARN_UNDECLARED_SELECTOR = YES;
				GCC_WARN_UNINITIALIZED_AUTOS = YES_AGGRESSIVE;
				GCC_WARN_UNUSED_FUNCTION = YES;
				GCC_WARN_UNUSED_VARIABLE = YES;
				MTL_ENABLE_DEBUG_INFO = NO;
				MTL_FAST_MATH = YES;
				SWIFT_COMPILATION_MODE = wholemodule;
				SWIFT_OPTIMIZATION_LEVEL = "-O";
			};
			name = Release;
		};
		7D6492B928CAD22D00C14C6F /* Debug */ = {
			isa = XCBuildConfiguration;
			buildSettings = {
				ASSETCATALOG_COMPILER_APPICON_NAME = AppIcon;
				ASSETCATALOG_COMPILER_GLOBAL_ACCENT_COLOR_NAME = AccentColor;
				CODE_SIGN_STYLE = Automatic;
				CURRENT_PROJECT_VERSION = 1;
				DEVELOPMENT_TEAM = 432D4YMQ4Y;
				ENABLE_PREVIEWS = YES;
				GENERATE_INFOPLIST_FILE = YES;
				INFOPLIST_KEY_UIApplicationSceneManifest_Generation = YES;
				INFOPLIST_KEY_UIApplicationSupportsIndirectInputEvents = YES;
				INFOPLIST_KEY_UILaunchScreen_Generation = YES;
				INFOPLIST_KEY_UISupportedInterfaceOrientations_iPad = "UIInterfaceOrientationPortrait UIInterfaceOrientationPortraitUpsideDown UIInterfaceOrientationLandscapeLeft UIInterfaceOrientationLandscapeRight";
				INFOPLIST_KEY_UISupportedInterfaceOrientations_iPhone = "UIInterfaceOrientationPortrait UIInterfaceOrientationLandscapeLeft UIInterfaceOrientationLandscapeRight";
				IPHONEOS_DEPLOYMENT_TARGET = 15.5;
				LD_RUNPATH_SEARCH_PATHS = (
					"$(inherited)",
					"@executable_path/Frameworks",
				);
				MARKETING_VERSION = 1.0;
				PRODUCT_BUNDLE_IDENTIFIER = com.Testing.UITest;
				PRODUCT_NAME = UITest;
				SDKROOT = iphoneos;
				SWIFT_EMIT_LOC_STRINGS = YES;
				SWIFT_VERSION = 5.0;
				TARGETED_DEVICE_FAMILY = "1,2";
			};
			name = Debug;
		};
		7D6492BA28CAD22D00C14C6F /* Release */ = {
			isa = XCBuildConfiguration;
			buildSettings = {
				ASSETCATALOG_COMPILER_APPICON_NAME = AppIcon;
				ASSETCATALOG_COMPILER_GLOBAL_ACCENT_COLOR_NAME = AccentColor;
				CODE_SIGN_STYLE = Automatic;
				CURRENT_PROJECT_VERSION = 1;
				DEVELOPMENT_TEAM = 432D4YMQ4Y;
				ENABLE_PREVIEWS = YES;
				GENERATE_INFOPLIST_FILE = YES;
				INFOPLIST_KEY_UIApplicationSceneManifest_Generation = YES;
				INFOPLIST_KEY_UIApplicationSupportsIndirectInputEvents = YES;
				INFOPLIST_KEY_UILaunchScreen_Generation = YES;
				INFOPLIST_KEY_UISupportedInterfaceOrientations_iPad = "UIInterfaceOrientationPortrait UIInterfaceOrientationPortraitUpsideDown UIInterfaceOrientationLandscapeLeft UIInterfaceOrientationLandscapeRight";
				INFOPLIST_KEY_UISupportedInterfaceOrientations_iPhone = "UIInterfaceOrientationPortrait UIInterfaceOrientationLandscapeLeft UIInterfaceOrientationLandscapeRight";
				IPHONEOS_DEPLOYMENT_TARGET = 15.5;
				LD_RUNPATH_SEARCH_PATHS = (
					"$(inherited)",
					"@executable_path/Frameworks",
				);
				MARKETING_VERSION = 1.0;
				PRODUCT_BUNDLE_IDENTIFIER = com.Testing.UITest;
				PRODUCT_NAME = UITest;
				SDKROOT = iphoneos;
				SWIFT_EMIT_LOC_STRINGS = YES;
				SWIFT_VERSION = 5.0;
				TARGETED_DEVICE_FAMILY = "1,2";
				VALIDATE_PRODUCT = YES;
			};
			name = Release;
		};
		7D6492BC28CAD22D00C14C6F /* Debug */ = {
			isa = XCBuildConfiguration;
			buildSettings = {
				ASSETCATALOG_COMPILER_APPICON_NAME = AppIcon;
				ASSETCATALOG_COMPILER_GLOBAL_ACCENT_COLOR_NAME = AccentColor;
				CODE_SIGN_ENTITLEMENTS = macOS/macOS.entitlements;
				CODE_SIGN_STYLE = Automatic;
				COMBINE_HIDPI_IMAGES = YES;
				CURRENT_PROJECT_VERSION = 1;
				DEVELOPMENT_TEAM = 432D4YMQ4Y;
				ENABLE_HARDENED_RUNTIME = YES;
				ENABLE_PREVIEWS = YES;
				GENERATE_INFOPLIST_FILE = YES;
				INFOPLIST_KEY_NSHumanReadableCopyright = "";
				LD_RUNPATH_SEARCH_PATHS = (
					"$(inherited)",
					"@executable_path/../Frameworks",
				);
				MACOSX_DEPLOYMENT_TARGET = 12.3;
				MARKETING_VERSION = 1.0;
				PRODUCT_BUNDLE_IDENTIFIER = com.Testing.UITest;
				PRODUCT_NAME = UITest;
				SDKROOT = macosx;
				SWIFT_EMIT_LOC_STRINGS = YES;
				SWIFT_VERSION = 5.0;
			};
			name = Debug;
		};
		7D6492BD28CAD22D00C14C6F /* Release */ = {
			isa = XCBuildConfiguration;
			buildSettings = {
				ASSETCATALOG_COMPILER_APPICON_NAME = AppIcon;
				ASSETCATALOG_COMPILER_GLOBAL_ACCENT_COLOR_NAME = AccentColor;
				CODE_SIGN_ENTITLEMENTS = macOS/macOS.entitlements;
				CODE_SIGN_STYLE = Automatic;
				COMBINE_HIDPI_IMAGES = YES;
				CURRENT_PROJECT_VERSION = 1;
				DEVELOPMENT_TEAM = 432D4YMQ4Y;
				ENABLE_HARDENED_RUNTIME = YES;
				ENABLE_PREVIEWS = YES;
				GENERATE_INFOPLIST_FILE = YES;
				INFOPLIST_KEY_NSHumanReadableCopyright = "";
				LD_RUNPATH_SEARCH_PATHS = (
					"$(inherited)",
					"@executable_path/../Frameworks",
				);
				MACOSX_DEPLOYMENT_TARGET = 12.3;
				MARKETING_VERSION = 1.0;
				PRODUCT_BUNDLE_IDENTIFIER = com.Testing.UITest;
				PRODUCT_NAME = UITest;
				SDKROOT = macosx;
				SWIFT_EMIT_LOC_STRINGS = YES;
				SWIFT_VERSION = 5.0;
			};
			name = Release;
		};
		7D6492BF28CAD22D00C14C6F /* Debug */ = {
			isa = XCBuildConfiguration;
			buildSettings = {
				ALWAYS_EMBED_SWIFT_STANDARD_LIBRARIES = YES;
				CODE_SIGN_STYLE = Automatic;
				CURRENT_PROJECT_VERSION = 1;
				DEVELOPMENT_TEAM = 432D4YMQ4Y;
				GENERATE_INFOPLIST_FILE = YES;
				IPHONEOS_DEPLOYMENT_TARGET = 15.5;
				MARKETING_VERSION = 1.0;
				PRODUCT_BUNDLE_IDENTIFIER = "com.Testing.Tests-iOS";
				PRODUCT_NAME = "$(TARGET_NAME)";
				SDKROOT = iphoneos;
				SWIFT_EMIT_LOC_STRINGS = NO;
				SWIFT_VERSION = 5.0;
				TARGETED_DEVICE_FAMILY = "1,2";
				TEST_TARGET_NAME = "UITest (iOS)";
			};
			name = Debug;
		};
		7D6492C028CAD22D00C14C6F /* Release */ = {
			isa = XCBuildConfiguration;
			buildSettings = {
				ALWAYS_EMBED_SWIFT_STANDARD_LIBRARIES = YES;
				CODE_SIGN_STYLE = Automatic;
				CURRENT_PROJECT_VERSION = 1;
				DEVELOPMENT_TEAM = 432D4YMQ4Y;
				GENERATE_INFOPLIST_FILE = YES;
				IPHONEOS_DEPLOYMENT_TARGET = 15.5;
				MARKETING_VERSION = 1.0;
				PRODUCT_BUNDLE_IDENTIFIER = "com.Testing.Tests-iOS";
				PRODUCT_NAME = "$(TARGET_NAME)";
				SDKROOT = iphoneos;
				SWIFT_EMIT_LOC_STRINGS = NO;
				SWIFT_VERSION = 5.0;
				TARGETED_DEVICE_FAMILY = "1,2";
				TEST_TARGET_NAME = "UITest (iOS)";
				VALIDATE_PRODUCT = YES;
			};
			name = Release;
		};
		7D6492C228CAD22D00C14C6F /* Debug */ = {
			isa = XCBuildConfiguration;
			buildSettings = {
				ALWAYS_EMBED_SWIFT_STANDARD_LIBRARIES = YES;
				CODE_SIGN_STYLE = Automatic;
				CURRENT_PROJECT_VERSION = 1;
				DEVELOPMENT_TEAM = 432D4YMQ4Y;
				GENERATE_INFOPLIST_FILE = YES;
				MACOSX_DEPLOYMENT_TARGET = 12.3;
				MARKETING_VERSION = 1.0;
				PRODUCT_BUNDLE_IDENTIFIER = "com.Testing.Tests-macOS";
				PRODUCT_NAME = "$(TARGET_NAME)";
				SDKROOT = macosx;
				SWIFT_EMIT_LOC_STRINGS = NO;
				SWIFT_VERSION = 5.0;
				TEST_TARGET_NAME = "UITest (macOS)";
			};
			name = Debug;
		};
		7D6492C328CAD22D00C14C6F /* Release */ = {
			isa = XCBuildConfiguration;
			buildSettings = {
				ALWAYS_EMBED_SWIFT_STANDARD_LIBRARIES = YES;
				CODE_SIGN_STYLE = Automatic;
				CURRENT_PROJECT_VERSION = 1;
				DEVELOPMENT_TEAM = 432D4YMQ4Y;
				GENERATE_INFOPLIST_FILE = YES;
				MACOSX_DEPLOYMENT_TARGET = 12.3;
				MARKETING_VERSION = 1.0;
				PRODUCT_BUNDLE_IDENTIFIER = "com.Testing.Tests-macOS";
				PRODUCT_NAME = "$(TARGET_NAME)";
				SDKROOT = macosx;
				SWIFT_EMIT_LOC_STRINGS = NO;
				SWIFT_VERSION = 5.0;
				TEST_TARGET_NAME = "UITest (macOS)";
			};
			name = Release;
		};
/* End XCBuildConfiguration section */

/* Begin XCConfigurationList section */
		7D64928628CAD22A00C14C6F /* Build configuration list for PBXProject "UITest" */ = {
			isa = XCConfigurationList;
			buildConfigurations = (
				7D6492B628CAD22D00C14C6F /* Debug */,
				7D6492B728CAD22D00C14C6F /* Release */,
			);
			defaultConfigurationIsVisible = 0;
			defaultConfigurationName = Release;
		};
		7D6492B828CAD22D00C14C6F /* Build configuration list for PBXNativeTarget "UITest (iOS)" */ = {
			isa = XCConfigurationList;
			buildConfigurations = (
				7D6492B928CAD22D00C14C6F /* Debug */,
				7D6492BA28CAD22D00C14C6F /* Release */,
			);
			defaultConfigurationIsVisible = 0;
			defaultConfigurationName = Release;
		};
		7D6492BB28CAD22D00C14C6F /* Build configuration list for PBXNativeTarget "UITest (macOS)" */ = {
			isa = XCConfigurationList;
			buildConfigurations = (
				7D6492BC28CAD22D00C14C6F /* Debug */,
				7D6492BD28CAD22D00C14C6F /* Release */,
			);
			defaultConfigurationIsVisible = 0;
			defaultConfigurationName = Release;
		};
		7D6492BE28CAD22D00C14C6F /* Build configuration list for PBXNativeTarget "Tests iOS" */ = {
			isa = XCConfigurationList;
			buildConfigurations = (
				7D6492BF28CAD22D00C14C6F /* Debug */,
				7D6492C028CAD22D00C14C6F /* Release */,
			);
			defaultConfigurationIsVisible = 0;
			defaultConfigurationName = Release;
		};
		7D6492C128CAD22D00C14C6F /* Build configuration list for PBXNativeTarget "Tests macOS" */ = {
			isa = XCConfigurationList;
			buildConfigurations = (
				7D6492C228CAD22D00C14C6F /* Debug */,
				7D6492C328CAD22D00C14C6F /* Release */,
			);
			defaultConfigurationIsVisible = 0;
			defaultConfigurationName = Release;
		};
/* End XCConfigurationList section */
	};
	rootObject = 7D64928328CAD22A00C14C6F /* Project object */;
}
